// !$*UTF8*$!
{
	archiveVersion = 1;
	classes = {
	};
	objectVersion = 46;
	objects = {

/* Begin PBXBuildFile section */
		AE1B39D8199F223300E3AA32 /* AppDelegate.swift in Sources */ = {isa = PBXBuildFile; fileRef = AE1B39D7199F223300E3AA32 /* AppDelegate.swift */; };
		AE1B39DA199F223300E3AA32 /* ViewController.swift in Sources */ = {isa = PBXBuildFile; fileRef = AE1B39D9199F223300E3AA32 /* ViewController.swift */; };
		AE1B39DD199F223300E3AA32 /* Main.storyboard in Resources */ = {isa = PBXBuildFile; fileRef = AE1B39DB199F223300E3AA32 /* Main.storyboard */; };
		AE1B39DF199F223300E3AA32 /* Images.xcassets in Resources */ = {isa = PBXBuildFile; fileRef = AE1B39DE199F223300E3AA32 /* Images.xcassets */; };
		AE1B39EB199F223400E3AA32 /* weatherTests.swift in Sources */ = {isa = PBXBuildFile; fileRef = AE1B39EA199F223400E3AA32 /* weatherTests.swift */; };
/* End PBXBuildFile section */

/* Begin PBXContainerItemProxy section */
		AE1B39E5199F223400E3AA32 /* PBXContainerItemProxy */ = {
			isa = PBXContainerItemProxy;
			containerPortal = AE1B39CA199F223300E3AA32 /* Project object */;
			proxyType = 1;
			remoteGlobalIDString = AE1B39D1199F223300E3AA32;
			remoteInfo = weather;
		};
/* End PBXContainerItemProxy section */

/* Begin PBXFileReference section */
		AE1B39D2199F223300E3AA32 /* weather.app */ = {isa = PBXFileReference; explicitFileType = wrapper.application; includeInIndex = 0; path = weather.app; sourceTree = BUILT_PRODUCTS_DIR; };
		AE1B39D6199F223300E3AA32 /* Info.plist */ = {isa = PBXFileReference; lastKnownFileType = text.plist.xml; path = Info.plist; sourceTree = "<group>"; };
		AE1B39D7199F223300E3AA32 /* AppDelegate.swift */ = {isa = PBXFileReference; lastKnownFileType = sourcecode.swift; path = AppDelegate.swift; sourceTree = "<group>"; };
		AE1B39D9199F223300E3AA32 /* ViewController.swift */ = {isa = PBXFileReference; lastKnownFileType = sourcecode.swift; path = ViewController.swift; sourceTree = "<group>"; };
		AE1B39DC199F223300E3AA32 /* Base */ = {isa = PBXFileReference; lastKnownFileType = file.storyboard; name = Base; path = Base.lproj/Main.storyboard; sourceTree = "<group>"; };
		AE1B39DE199F223300E3AA32 /* Images.xcassets */ = {isa = PBXFileReference; lastKnownFileType = folder.assetcatalog; path = Images.xcassets; sourceTree = "<group>"; };
		AE1B39E4199F223400E3AA32 /* weatherTests.xctest */ = {isa = PBXFileReference; explicitFileType = wrapper.cfbundle; includeInIndex = 0; path = weatherTests.xctest; sourceTree = BUILT_PRODUCTS_DIR; };
		AE1B39E9199F223400E3AA32 /* Info.plist */ = {isa = PBXFileReference; lastKnownFileType = text.plist.xml; path = Info.plist; sourceTree = "<group>"; };
		AE1B39EA199F223400E3AA32 /* weatherTests.swift */ = {isa = PBXFileReference; lastKnownFileType = sourcecode.swift; path = weatherTests.swift; sourceTree = "<group>"; };
/* End PBXFileReference section */

/* Begin PBXFrameworksBuildPhase section */
		AE1B39CF199F223300E3AA32 /* Frameworks */ = {
			isa = PBXFrameworksBuildPhase;
			buildActionMask = 2147483647;
			files = (
			);
			runOnlyForDeploymentPostprocessing = 0;
		};
		AE1B39E1199F223300E3AA32 /* Frameworks */ = {
			isa = PBXFrameworksBuildPhase;
			buildActionMask = 2147483647;
			files = (
			);
			runOnlyForDeploymentPostprocessing = 0;
		};
/* End PBXFrameworksBuildPhase section */

/* Begin PBXGroup section */
		AE1B39C9199F223300E3AA32 = {
			isa = PBXGroup;
			children = (
				AE1B39D4199F223300E3AA32 /* weather */,
				AE1B39E7199F223400E3AA32 /* weatherTests */,
				AE1B39D3199F223300E3AA32 /* Products */,
			);
			sourceTree = "<group>";
		};
		AE1B39D3199F223300E3AA32 /* Products */ = {
			isa = PBXGroup;
			children = (
				AE1B39D2199F223300E3AA32 /* weather.app */,
				AE1B39E4199F223400E3AA32 /* weatherTests.xctest */,
			);
			name = Products;
			sourceTree = "<group>";
		};
		AE1B39D4199F223300E3AA32 /* weather */ = {
			isa = PBXGroup;
			children = (
				AE1B39D7199F223300E3AA32 /* AppDelegate.swift */,
				AE1B39D9199F223300E3AA32 /* ViewController.swift */,
				AE1B39DB199F223300E3AA32 /* Main.storyboard */,
				AE1B39DE199F223300E3AA32 /* Images.xcassets */,
				AE1B39D5199F223300E3AA32 /* Supporting Files */,
			);
			path = weather;
			sourceTree = "<group>";
		};
		AE1B39D5199F223300E3AA32 /* Supporting Files */ = {
			isa = PBXGroup;
			children = (
				AE1B39D6199F223300E3AA32 /* Info.plist */,
			);
			name = "Supporting Files";
			sourceTree = "<group>";
		};
		AE1B39E7199F223400E3AA32 /* weatherTests */ = {
			isa = PBXGroup;
			children = (
				AE1B39EA199F223400E3AA32 /* weatherTests.swift */,
				AE1B39E8199F223400E3AA32 /* Supporting Files */,
			);
			path = weatherTests;
			sourceTree = "<group>";
		};
		AE1B39E8199F223400E3AA32 /* Supporting Files */ = {
			isa = PBXGroup;
			children = (
				AE1B39E9199F223400E3AA32 /* Info.plist */,
			);
			name = "Supporting Files";
			sourceTree = "<group>";
		};
/* End PBXGroup section */

/* Begin PBXNativeTarget section */
		AE1B39D1199F223300E3AA32 /* weather */ = {
			isa = PBXNativeTarget;
			buildConfigurationList = AE1B39EE199F223400E3AA32 /* Build configuration list for PBXNativeTarget "weather" */;
			buildPhases = (
				AE1B39CE199F223300E3AA32 /* Sources */,
				AE1B39CF199F223300E3AA32 /* Frameworks */,
				AE1B39D0199F223300E3AA32 /* Resources */,
			);
			buildRules = (
			);
			dependencies = (
			);
			name = weather;
			productName = weather;
			productReference = AE1B39D2199F223300E3AA32 /* weather.app */;
			productType = "com.apple.product-type.application";
		};
		AE1B39E3199F223300E3AA32 /* weatherTests */ = {
			isa = PBXNativeTarget;
			buildConfigurationList = AE1B39F1199F223400E3AA32 /* Build configuration list for PBXNativeTarget "weatherTests" */;
			buildPhases = (
				AE1B39E0199F223300E3AA32 /* Sources */,
				AE1B39E1199F223300E3AA32 /* Frameworks */,
				AE1B39E2199F223300E3AA32 /* Resources */,
			);
			buildRules = (
			);
			dependencies = (
				AE1B39E6199F223400E3AA32 /* PBXTargetDependency */,
			);
			name = weatherTests;
			productName = weatherTests;
			productReference = AE1B39E4199F223400E3AA32 /* weatherTests.xctest */;
			productType = "com.apple.product-type.bundle.unit-test";
		};
/* End PBXNativeTarget section */

/* Begin PBXProject section */
		AE1B39CA199F223300E3AA32 /* Project object */ = {
			isa = PBXProject;
			attributes = {
				LastUpgradeCheck = 0600;
				ORGANIZATIONNAME = "pw's air";
				TargetAttributes = {
					AE1B39D1199F223300E3AA32 = {
						CreatedOnToolsVersion = 6.0;
					};
					AE1B39E3199F223300E3AA32 = {
						CreatedOnToolsVersion = 6.0;
						TestTargetID = AE1B39D1199F223300E3AA32;
					};
				};
			};
			buildConfigurationList = AE1B39CD199F223300E3AA32 /* Build configuration list for PBXProject "weather" */;
			compatibilityVersion = "Xcode 3.2";
			developmentRegion = English;
			hasScannedForEncodings = 0;
			knownRegions = (
				en,
				Base,
			);
			mainGroup = AE1B39C9199F223300E3AA32;
			productRefGroup = AE1B39D3199F223300E3AA32 /* Products */;
			projectDirPath = "";
			projectRoot = "";
			targets = (
				AE1B39D1199F223300E3AA32 /* weather */,
				AE1B39E3199F223300E3AA32 /* weatherTests */,
			);
		};
/* End PBXProject section */

/* Begin PBXResourcesBuildPhase section */
		AE1B39D0199F223300E3AA32 /* Resources */ = {
			isa = PBXResourcesBuildPhase;
			buildActionMask = 2147483647;
			files = (
				AE1B39DD199F223300E3AA32 /* Main.storyboard in Resources */,
				AE1B39DF199F223300E3AA32 /* Images.xcassets in Resources */,
			);
			runOnlyForDeploymentPostprocessing = 0;
		};
		AE1B39E2199F223300E3AA32 /* Resources */ = {
			isa = PBXResourcesBuildPhase;
			buildActionMask = 2147483647;
			files = (
			);
			runOnlyForDeploymentPostprocessing = 0;
		};
/* End PBXResourcesBuildPhase section */

/* Begin PBXSourcesBuildPhase section */
		AE1B39CE199F223300E3AA32 /* Sources */ = {
			isa = PBXSourcesBuildPhase;
			buildActionMask = 2147483647;
			files = (
				AE1B39DA199F223300E3AA32 /* ViewController.swift in Sources */,
				AE1B39D8199F223300E3AA32 /* AppDelegate.swift in Sources */,
			);
			runOnlyForDeploymentPostprocessing = 0;
		};
		AE1B39E0199F223300E3AA32 /* Sources */ = {
			isa = PBXSourcesBuildPhase;
			buildActionMask = 2147483647;
			files = (
				AE1B39EB199F223400E3AA32 /* weatherTests.swift in Sources */,
			);
			runOnlyForDeploymentPostprocessing = 0;
		};
/* End PBXSourcesBuildPhase section */

/* Begin PBXTargetDependency section */
		AE1B39E6199F223400E3AA32 /* PBXTargetDependency */ = {
			isa = PBXTargetDependency;
			target = AE1B39D1199F223300E3AA32 /* weather */;
			targetProxy = AE1B39E5199F223400E3AA32 /* PBXContainerItemProxy */;
		};
/* End PBXTargetDependency section */

/* Begin PBXVariantGroup section */
		AE1B39DB199F223300E3AA32 /* Main.storyboard */ = {
			isa = PBXVariantGroup;
			children = (
				AE1B39DC199F223300E3AA32 /* Base */,
			);
			name = Main.storyboard;
			sourceTree = "<group>";
		};
/* End PBXVariantGroup section */

/* Begin XCBuildConfiguration section */
		AE1B39EC199F223400E3AA32 /* Debug */ = {
			isa = XCBuildConfiguration;
			buildSettings = {
				ALWAYS_SEARCH_USER_PATHS = NO;
				CLANG_CXX_LANGUAGE_STANDARD = "gnu++0x";
				CLANG_CXX_LIBRARY = "libc++";
				CLANG_ENABLE_MODULES = YES;
				CLANG_ENABLE_OBJC_ARC = YES;
				CLANG_WARN_BOOL_CONVERSION = YES;
				CLANG_WARN_CONSTANT_CONVERSION = YES;
				CLANG_WARN_DIRECT_OBJC_ISA_USAGE = YES_ERROR;
				CLANG_WARN_EMPTY_BODY = YES;
				CLANG_WARN_ENUM_CONVERSION = YES;
				CLANG_WARN_INT_CONVERSION = YES;
				CLANG_WARN_OBJC_ROOT_CLASS = YES_ERROR;
				CLANG_WARN_UNREACHABLE_CODE = YES;
				CLANG_WARN__DUPLICATE_METHOD_MATCH = YES;
				"CODE_SIGN_IDENTITY[sdk=iphoneos*]" = "iPhone Developer";
				COPY_PHASE_STRIP = NO;
				ENABLE_STRICT_OBJC_MSGSEND = YES;
				GCC_C_LANGUAGE_STANDARD = gnu99;
				GCC_DYNAMIC_NO_PIC = NO;
				GCC_OPTIMIZATION_LEVEL = 0;
				GCC_PREPROCESSOR_DEFINITIONS = (
					"DEBUG=1",
					"$(inherited)",
				);
				GCC_SYMBOLS_PRIVATE_EXTERN = NO;
				GCC_WARN_64_TO_32_BIT_CONVERSION = YES;
				GCC_WARN_ABOUT_RETURN_TYPE = YES_ERROR;
				GCC_WARN_UNDECLARED_SELECTOR = YES;
				GCC_WARN_UNINITIALIZED_AUTOS = YES_AGGRESSIVE;
				GCC_WARN_UNUSED_FUNCTION = YES;
				GCC_WARN_UNUSED_VARIABLE = YES;
				IPHONEOS_DEPLOYMENT_TARGET = 8.0;
				MTL_ENABLE_DEBUG_INFO = YES;
				ONLY_ACTIVE_ARCH = YES;
				SDKROOT = iphoneos;
				SWIFT_OPTIMIZATION_LEVEL = "-Onone";
				TARGETED_DEVICE_FAMILY = "1,2";
			};
			name = Debug;
		};
		AE1B39ED199F223400E3AA32 /* Release */ = {
			isa = XCBuildConfiguration;
			buildSettings = {
				ALWAYS_SEARCH_USER_PATHS = NO;
				CLANG_CXX_LANGUAGE_STANDARD = "gnu++0x";
				CLANG_CXX_LIBRARY = "libc++";
				CLANG_ENABLE_MODULES = YES;
				CLANG_ENABLE_OBJC_ARC = YES;
				CLANG_WARN_BOOL_CONVERSION = YES;
				CLANG_WARN_CONSTANT_CONVERSION = YES;
				CLANG_WARN_DIRECT_OBJC_ISA_USAGE = YES_ERROR;
				CLANG_WARN_EMPTY_BODY = YES;
				CLANG_WARN_ENUM_CONVERSION = YES;
				CLANG_WARN_INT_CONVERSION = YES;
				CLANG_WARN_OBJC_ROOT_CLASS = YES_ERROR;
				CLANG_WARN_UNREACHABLE_CODE = YES;
				CLANG_WARN__DUPLICATE_METHOD_MATCH = YES;
				"CODE_SIGN_IDENTITY[sdk=iphoneos*]" = "iPhone Developer";
				COPY_PHASE_STRIP = YES;
				ENABLE_NS_ASSERTIONS = NO;
				ENABLE_STRICT_OBJC_MSGSEND = YES;
				GCC_C_LANGUAGE_STANDARD = gnu99;
				GCC_WARN_64_TO_32_BIT_CONVERSION = YES;
				GCC_WARN_ABOUT_RETURN_TYPE = YES_ERROR;
				GCC_WARN_UNDECLARED_SELECTOR = YES;
				GCC_WARN_UNINITIALIZED_AUTOS = YES_AGGRESSIVE;
				GCC_WARN_UNUSED_FUNCTION = YES;
				GCC_WARN_UNUSED_VARIABLE = YES;
				IPHONEOS_DEPLOYMENT_TARGET = 8.0;
				MTL_ENABLE_DEBUG_INFO = NO;
				SDKROOT = iphoneos;
				TARGETED_DEVICE_FAMILY = "1,2";
				VALIDATE_PRODUCT = YES;
			};
			name = Release;
		};
		AE1B39EF199F223400E3AA32 /* Debug */ = {
			isa = XCBuildConfiguration;
			buildSettings = {
				ASSETCATALOG_COMPILER_APPICON_NAME = AppIcon;
				ASSETCATALOG_COMPILER_LAUNCHIMAGE_NAME = LaunchImage;
				INFOPLIST_FILE = weather/Info.plist;
				LD_RUNPATH_SEARCH_PATHS = "$(inherited) @executable_path/Frameworks";
				PRODUCT_NAME = "$(TARGET_NAME)";
			};
			name = Debug;
		};
		AE1B39F0199F223400E3AA32 /* Release */ = {
			isa = XCBuildConfiguration;
			buildSettings = {
				ASSETCATALOG_COMPILER_APPICON_NAME = AppIcon;
				ASSETCATALOG_COMPILER_LAUNCHIMAGE_NAME = LaunchImage;
				INFOPLIST_FILE = weather/Info.plist;
				LD_RUNPATH_SEARCH_PATHS = "$(inherited) @executable_path/Frameworks";
				PRODUCT_NAME = "$(TARGET_NAME)";
			};
			name = Release;
		};
		AE1B39F2199F223400E3AA32 /* Debug */ = {
			isa = XCBuildConfiguration;
			buildSettings = {
				BUNDLE_LOADER = "$(TEST_HOST)";
				FRAMEWORK_SEARCH_PATHS = (
					"$(SDKROOT)/Developer/Library/Frameworks",
					"$(inherited)",
				);
				GCC_PREPROCESSOR_DEFINITIONS = (
					"DEBUG=1",
					"$(inherited)",
				);
				INFOPLIST_FILE = weatherTests/Info.plist;
				LD_RUNPATH_SEARCH_PATHS = "$(inherited) @executable_path/Frameworks @loader_path/Frameworks";
				PRODUCT_NAME = "$(TARGET_NAME)";
				TEST_HOST = "$(BUILT_PRODUCTS_DIR)/weather.app/weather";
			};
			name = Debug;
		};
		AE1B39F3199F223400E3AA32 /* Release */ = {
			isa = XCBuildConfiguration;
			buildSettings = {
				BUNDLE_LOADER = "$(TEST_HOST)";
				FRAMEWORK_SEARCH_PATHS = (
					"$(SDKROOT)/Developer/Library/Frameworks",
					"$(inherited)",
				);
				INFOPLIST_FILE = weatherTests/Info.plist;
				LD_RUNPATH_SEARCH_PATHS = "$(inherited) @executable_path/Frameworks @loader_path/Frameworks";
				PRODUCT_NAME = "$(TARGET_NAME)";
				TEST_HOST = "$(BUILT_PRODUCTS_DIR)/weather.app/weather";
			};
			name = Release;
		};
/* End XCBuildConfiguration section */

/* Begin XCConfigurationList section */
		AE1B39CD199F223300E3AA32 /* Build configuration list for PBXProject "weather" */ = {
			isa = XCConfigurationList;
			buildConfigurations = (
				AE1B39EC199F223400E3AA32 /* Debug */,
				AE1B39ED199F223400E3AA32 /* Release */,
			);
			defaultConfigurationIsVisible = 0;
			defaultConfigurationName = Release;
		};
		AE1B39EE199F223400E3AA32 /* Build configuration list for PBXNativeTarget "weather" */ = {
			isa = XCConfigurationList;
			buildConfigurations = (
				AE1B39EF199F223400E3AA32 /* Debug */,
				AE1B39F0199F223400E3AA32 /* Release */,
			);
			defaultConfigurationIsVisible = 0;
		};
		AE1B39F1199F223400E3AA32 /* Build configuration list for PBXNativeTarget "weatherTests" */ = {
			isa = XCConfigurationList;
			buildConfigurations = (
				AE1B39F2199F223400E3AA32 /* Debug */,
				AE1B39F3199F223400E3AA32 /* Release */,
			);
			defaultConfigurationIsVisible = 0;
		};
/* End XCConfigurationList section */
	};
	rootObject = AE1B39CA199F223300E3AA32 /* Project object */;
}
